lockfileVersion: '9.0'

settings:
  autoInstallPeers: true
  excludeLinksFromLockfile: false

importers:

  .:
    devDependencies:
      typescript:
        specifier: ^5.4.0
        version: 5.9.3

  packages/core:
    dependencies:
      '@conductor/types':
        specifier: workspace:*
        version: link:../types
      commander:
        specifier: ^12.0.0
        version: 12.1.0
      croner:
        specifier: ^8.0.0
        version: 8.1.2
      hono:
        specifier: ^4.0.0
        version: 4.12.14

  packages/types: {}

packages:

  commander@12.1.0:
    resolution: {integrity: sha512-Vw8qHK3bZM9y/P10u3Vib8o/DdkvA2OtPtZvD871QKjy74Wj1WSKFILMPRPSdUSx5RFK1arlJzEtA4PkFgnbuA==}
    engines: {node: '>=18'}

  croner@8.1.2:
    resolution: {integrity: sha512-ypfPFcAXHuAZRCzo3vJL6ltENzniTjwe/qsLleH1V2/7SRDjgvRQyrLmumFTLmjFax4IuSxfGXEn79fozXcJog==}
    engines: {node: '>=18.0'}

  hono@4.12.14:
    resolution: {integrity: sha512-am5zfg3yu6sqn5yjKBNqhnTX7Cv+m00ox+7jbaKkrLMRJ4rAdldd1xPd/JzbBWspqaQv6RSTrgFN95EsfhC+7w==}
    engines: {node: '>=16.9.0'}

  typescript@5.9.3:
    resolution: {integrity: sha512-jl1vZzPDinLr9eUt3J/t7V6FgNEw9QjvBPdysz9KfQDD41fQrC2Y4vKQdiaUpFT4bXlb1RHhLpp8wtm6M5TgSw==}
    engines: {node: '>=14.17'}
    hasBin: true

snapshots:

  commander@12.1.0: {}

  croner@8.1.2: {}

  hono@4.12.14: {}

  typescript@5.9.3: {}
